
Microsoft Visual Studio Solution File, Format Version 12.00
# Visual Studio Version 16
VisualStudioVersion = 16.0.30621.155
MinimumVisualStudioVersion = 10.0.40219.1
Project("{FAE04EC0-301F-11D3-BF4B-00C04F79EFBC}") = "PruebasMenu", "PruebasMenu.csproj", "{B11E35D1-40F8-4146-93CB-7D60D0FA8C9A}"
EndProject
Global
	GlobalSection(SolutionConfigurationPlatforms) = preSolution
		Debug|Any CPU = Debug|Any CPU
		Release|Any CPU = Release|Any CPU
	EndGlobalSection
	GlobalSection(ProjectConfigurationPlatforms) = postSolution
		{B11E35D1-40F8-4146-93CB-7D60D0FA8C9A}.Debug|Any CPU.ActiveCfg = Debug|Any CPU
		{B11E35D1-40F8-4146-93CB-7D60D0FA8C9A}.Debug|Any CPU.Build.0 = Debug|Any CPU
		{B11E35D1-40F8-4146-93CB-7D60D0FA8C9A}.Release|Any CPU.ActiveCfg = Release|Any CPU
		{B11E35D1-40F8-4146-93CB-7D60D0FA8C9A}.Release|Any CPU.Build.0 = Release|Any CPU
	EndGlobalSection
	GlobalSection(SolutionProperties) = preSolution
		HideSolutionNode = FALSE
	EndGlobalSection
	GlobalSection(ExtensibilityGlobals) = postSolution
		SolutionGuid = {5ABD1C0D-2920-41A9-8CF6-28E6ACB7F2AD}
	EndGlobalSection
EndGlobal
