
Microsoft Visual Studio Solution File, Format Version 12.00
# Visual Studio Version 16
VisualStudioVersion = 16.0.30503.244
MinimumVisualStudioVersion = 10.0.40219.1
Project("{FAE04EC0-301F-11D3-BF4B-00C04F79EFBC}") = "Practica_2", "Practica_2\Practica_2.csproj", "{9A749EEB-DC49-40A2-8F45-5E9F2B7232CF}"
EndProject
Global
	GlobalSection(SolutionConfigurationPlatforms) = preSolution
		Debug|Any CPU = Debug|Any CPU
		Release|Any CPU = Release|Any CPU
	EndGlobalSection
	GlobalSection(ProjectConfigurationPlatforms) = postSolution
		{9A749EEB-DC49-40A2-8F45-5E9F2B7232CF}.Debug|Any CPU.ActiveCfg = Debug|Any CPU
		{9A749EEB-DC49-40A2-8F45-5E9F2B7232CF}.Debug|Any CPU.Build.0 = Debug|Any CPU
		{9A749EEB-DC49-40A2-8F45-5E9F2B7232CF}.Release|Any CPU.ActiveCfg = Release|Any CPU
		{9A749EEB-DC49-40A2-8F45-5E9F2B7232CF}.Release|Any CPU.Build.0 = Release|Any CPU
	EndGlobalSection
	GlobalSection(SolutionProperties) = preSolution
		HideSolutionNode = FALSE
	EndGlobalSection
	GlobalSection(ExtensibilityGlobals) = postSolution
		SolutionGuid = {BFA1BE92-F6BB-4FD0-AC64-E145995AA934}
	EndGlobalSection
EndGlobal
