
Microsoft Visual Studio Solution File, Format Version 12.00
# Visual Studio Version 16
VisualStudioVersion = 16.0.30503.244
MinimumVisualStudioVersion = 10.0.40219.1
Project("{FAE04EC0-301F-11D3-BF4B-00C04F79EFBC}") = "Practica2", "Practica2\Practica2.csproj", "{693F35D3-B9F9-4DF1-893C-56B3EF80F5EA}"
EndProject
Global
	GlobalSection(SolutionConfigurationPlatforms) = preSolution
		Debug|Any CPU = Debug|Any CPU
		Release|Any CPU = Release|Any CPU
	EndGlobalSection
	GlobalSection(ProjectConfigurationPlatforms) = postSolution
		{693F35D3-B9F9-4DF1-893C-56B3EF80F5EA}.Debug|Any CPU.ActiveCfg = Debug|Any CPU
		{693F35D3-B9F9-4DF1-893C-56B3EF80F5EA}.Debug|Any CPU.Build.0 = Debug|Any CPU
		{693F35D3-B9F9-4DF1-893C-56B3EF80F5EA}.Release|Any CPU.ActiveCfg = Release|Any CPU
		{693F35D3-B9F9-4DF1-893C-56B3EF80F5EA}.Release|Any CPU.Build.0 = Release|Any CPU
	EndGlobalSection
	GlobalSection(SolutionProperties) = preSolution
		HideSolutionNode = FALSE
	EndGlobalSection
	GlobalSection(ExtensibilityGlobals) = postSolution
		SolutionGuid = {1652E0F6-AC52-4DF1-936B-9EE22389EBEE}
	EndGlobalSection
EndGlobal
