
Microsoft Visual Studio Solution File, Format Version 12.00
# Visual Studio Version 16
VisualStudioVersion = 16.0.30204.135
MinimumVisualStudioVersion = 10.0.40219.1
Project("{9A19103F-16F7-4668-BE54-9A1E7A4F7556}") = "introduccion_lenguaje", "1proyectoenc\introduccion_lenguaje.csproj", "{CA58BF06-C14E-4A60-84F7-5428819C95B0}"
EndProject
Project("{9A19103F-16F7-4668-BE54-9A1E7A4F7556}") = "clases", "clases\clases.csproj", "{9182FC6F-DC24-4E93-B4EF-97EBB2B3DE3B}"
EndProject
Project("{FAE04EC0-301F-11D3-BF4B-00C04F79EFBC}") = "Ejemploreflexion", "Ejemploreflexion\Ejemploreflexion.csproj", "{57286450-A120-4556-BCA1-F06F8874E70F}"
EndProject
Global
	GlobalSection(SolutionConfigurationPlatforms) = preSolution
		Debug|Any CPU = Debug|Any CPU
		Release|Any CPU = Release|Any CPU
	EndGlobalSection
	GlobalSection(ProjectConfigurationPlatforms) = postSolution
		{CA58BF06-C14E-4A60-84F7-5428819C95B0}.Debug|Any CPU.ActiveCfg = Debug|Any CPU
		{CA58BF06-C14E-4A60-84F7-5428819C95B0}.Debug|Any CPU.Build.0 = Debug|Any CPU
		{CA58BF06-C14E-4A60-84F7-5428819C95B0}.Release|Any CPU.ActiveCfg = Release|Any CPU
		{CA58BF06-C14E-4A60-84F7-5428819C95B0}.Release|Any CPU.Build.0 = Release|Any CPU
		{9182FC6F-DC24-4E93-B4EF-97EBB2B3DE3B}.Debug|Any CPU.ActiveCfg = Debug|Any CPU
		{9182FC6F-DC24-4E93-B4EF-97EBB2B3DE3B}.Debug|Any CPU.Build.0 = Debug|Any CPU
		{9182FC6F-DC24-4E93-B4EF-97EBB2B3DE3B}.Release|Any CPU.ActiveCfg = Release|Any CPU
		{9182FC6F-DC24-4E93-B4EF-97EBB2B3DE3B}.Release|Any CPU.Build.0 = Release|Any CPU
		{57286450-A120-4556-BCA1-F06F8874E70F}.Debug|Any CPU.ActiveCfg = Debug|Any CPU
		{57286450-A120-4556-BCA1-F06F8874E70F}.Debug|Any CPU.Build.0 = Debug|Any CPU
		{57286450-A120-4556-BCA1-F06F8874E70F}.Release|Any CPU.ActiveCfg = Release|Any CPU
		{57286450-A120-4556-BCA1-F06F8874E70F}.Release|Any CPU.Build.0 = Release|Any CPU
	EndGlobalSection
	GlobalSection(SolutionProperties) = preSolution
		HideSolutionNode = FALSE
	EndGlobalSection
	GlobalSection(ExtensibilityGlobals) = postSolution
		SolutionGuid = {BA3A784C-C4AE-4027-B2F7-128CF9EC6FAD}
	EndGlobalSection
EndGlobal
