
Microsoft Visual Studio Solution File, Format Version 12.00
# Visual Studio Version 16
VisualStudioVersion = 16.0.30503.244
MinimumVisualStudioVersion = 10.0.40219.1
Project("{FAE04EC0-301F-11D3-BF4B-00C04F79EFBC}") = "pruebawpf", "pruebawpf\pruebawpf.csproj", "{860376D2-210C-4BAE-93F2-1F2A87BAFD17}"
EndProject
Global
	GlobalSection(SolutionConfigurationPlatforms) = preSolution
		Debug|Any CPU = Debug|Any CPU
		Release|Any CPU = Release|Any CPU
	EndGlobalSection
	GlobalSection(ProjectConfigurationPlatforms) = postSolution
		{860376D2-210C-4BAE-93F2-1F2A87BAFD17}.Debug|Any CPU.ActiveCfg = Debug|Any CPU
		{860376D2-210C-4BAE-93F2-1F2A87BAFD17}.Debug|Any CPU.Build.0 = Debug|Any CPU
		{860376D2-210C-4BAE-93F2-1F2A87BAFD17}.Release|Any CPU.ActiveCfg = Release|Any CPU
		{860376D2-210C-4BAE-93F2-1F2A87BAFD17}.Release|Any CPU.Build.0 = Release|Any CPU
	EndGlobalSection
	GlobalSection(SolutionProperties) = preSolution
		HideSolutionNode = FALSE
	EndGlobalSection
	GlobalSection(ExtensibilityGlobals) = postSolution
		SolutionGuid = {72BBB3F8-FC08-4E88-A489-F2A97E7CFB4E}
	EndGlobalSection
EndGlobal
