
Microsoft Visual Studio Solution File, Format Version 12.00
# Visual Studio Version 16
VisualStudioVersion = 16.0.30503.244
MinimumVisualStudioVersion = 10.0.40219.1
Project("{FAE04EC0-301F-11D3-BF4B-00C04F79EFBC}") = "Teatro", "Teatro.csproj", "{BEEC79DE-C59C-4DF8-AB7E-96358C2A7471}"
EndProject
Global
	GlobalSection(SolutionConfigurationPlatforms) = preSolution
		Debug|Any CPU = Debug|Any CPU
		Release|Any CPU = Release|Any CPU
	EndGlobalSection
	GlobalSection(ProjectConfigurationPlatforms) = postSolution
		{BEEC79DE-C59C-4DF8-AB7E-96358C2A7471}.Debug|Any CPU.ActiveCfg = Debug|Any CPU
		{BEEC79DE-C59C-4DF8-AB7E-96358C2A7471}.Debug|Any CPU.Build.0 = Debug|Any CPU
		{BEEC79DE-C59C-4DF8-AB7E-96358C2A7471}.Release|Any CPU.ActiveCfg = Release|Any CPU
		{BEEC79DE-C59C-4DF8-AB7E-96358C2A7471}.Release|Any CPU.Build.0 = Release|Any CPU
	EndGlobalSection
	GlobalSection(SolutionProperties) = preSolution
		HideSolutionNode = FALSE
	EndGlobalSection
	GlobalSection(ExtensibilityGlobals) = postSolution
		SolutionGuid = {5B78C94F-191F-4C2A-8162-29DBD6ECF7EC}
	EndGlobalSection
EndGlobal
