
Microsoft Visual Studio Solution File, Format Version 12.00
# Visual Studio Version 16
VisualStudioVersion = 16.0.30717.126
MinimumVisualStudioVersion = 10.0.40219.1
Project("{FAE04EC0-301F-11D3-BF4B-00C04F79EFBC}") = "InterfacesRefuerzo5_6", "InterfacesRefuerzo5_6.csproj", "{B296ACE9-81CC-4F80-8A95-92CBE618D3BB}"
EndProject
Global
	GlobalSection(SolutionConfigurationPlatforms) = preSolution
		Debug|Any CPU = Debug|Any CPU
		Release|Any CPU = Release|Any CPU
	EndGlobalSection
	GlobalSection(ProjectConfigurationPlatforms) = postSolution
		{B296ACE9-81CC-4F80-8A95-92CBE618D3BB}.Debug|Any CPU.ActiveCfg = Debug|Any CPU
		{B296ACE9-81CC-4F80-8A95-92CBE618D3BB}.Debug|Any CPU.Build.0 = Debug|Any CPU
		{B296ACE9-81CC-4F80-8A95-92CBE618D3BB}.Release|Any CPU.ActiveCfg = Release|Any CPU
		{B296ACE9-81CC-4F80-8A95-92CBE618D3BB}.Release|Any CPU.Build.0 = Release|Any CPU
	EndGlobalSection
	GlobalSection(SolutionProperties) = preSolution
		HideSolutionNode = FALSE
	EndGlobalSection
	GlobalSection(ExtensibilityGlobals) = postSolution
		SolutionGuid = {10F26835-1BA8-40EE-96CD-97D48DAE9EB1}
	EndGlobalSection
EndGlobal
